{
  "object": {
    "pins": [
      {
        "package": "SWCompression",
        "repositoryURL": "https://github.com/tsolomko/SWCompression",
        "state": {
          "branch": null,
          "revision": "9d2852cd30d988e56238094d94a62618713f746b",
          "version": "3.4.0-test"
        }
      },
      {
        "package": "SwiftCLI",
        "repositoryURL": "https://github.com/jakeheis/SwiftCLI",
        "state": {
          "branch": null,
          "revision": "36bb5dd52deed7264b6f41c1a2190d376cb9f17c",
          "version": "3.0.3"
        }
      }
    ]
  },
  "version": 1
}
