{
  "object": {
    "pins": [
      {
        "package": "SWCompression",
        "repositoryURL": "https://github.com/tsolomko/SWCompression",
        "state": {
          "branch": null,
          "revision": "7c03fc7ad218fdc1e971dd729e81d64d1467357e",
          "version": "3.4.0"
        }
      },
      {
        "package": "SwiftCLI",
        "repositoryURL": "https://github.com/jakeheis/SwiftCLI",
        "state": {
          "branch": null,
          "revision": "36bb5dd52deed7264b6f41c1a2190d376cb9f17c",
          "version": "3.0.3"
        }
      }
    ]
  },
  "version": 1
}
